
Microsoft Visual Studio Solution File, Format Version 12.00
# Visual Studio 15
VisualStudioVersion = 15.0.27703.2035
MinimumVisualStudioVersion = 10.0.40219.1
Project("{FAE04EC0-301F-11D3-BF4B-00C04F79EFBC}") = "DividirConta.Android", "DividirConta\DividirConta.Android\DividirConta.Android.csproj", "{5A042FDE-BBDE-4C98-8CDE-154F87F5E2D1}"
EndProject
Project("{FAE04EC0-301F-11D3-BF4B-00C04F79EFBC}") = "DividirConta.iOS", "DividirConta\DividirConta.iOS\DividirConta.iOS.csproj", "{1DE3A88B-AE6B-4AE0-8F86-39921C8E47F7}"
EndProject
Project("{FAE04EC0-301F-11D3-BF4B-00C04F79EFBC}") = "DividirConta", "DividirConta\DividirConta\DividirConta.csproj", "{FE9A44A5-C51B-494B-8FA2-983F9F1360ED}"
EndProject
Global
	GlobalSection(SolutionConfigurationPlatforms) = preSolution
		Ad-Hoc|Any CPU = Ad-Hoc|Any CPU
		Ad-Hoc|iPhone = Ad-Hoc|iPhone
		Ad-Hoc|iPhoneSimulator = Ad-Hoc|iPhoneSimulator
		AppStore|Any CPU = AppStore|Any CPU
		AppStore|iPhone = AppStore|iPhone
		AppStore|iPhoneSimulator = AppStore|iPhoneSimulator
		Debug|Any CPU = Debug|Any CPU
		Debug|iPhone = Debug|iPhone
		Debug|iPhoneSimulator = Debug|iPhoneSimulator
		Release|Any CPU = Release|Any CPU
		Release|iPhone = Release|iPhone
		Release|iPhoneSimulator = Release|iPhoneSimulator
	EndGlobalSection
	GlobalSection(ProjectConfigurationPlatforms) = postSolution
		{5A042FDE-BBDE-4C98-8CDE-154F87F5E2D1}.Ad-Hoc|Any CPU.ActiveCfg = Release|Any CPU
		{5A042FDE-BBDE-4C98-8CDE-154F87F5E2D1}.Ad-Hoc|Any CPU.Build.0 = Release|Any CPU
		{5A042FDE-BBDE-4C98-8CDE-154F87F5E2D1}.Ad-Hoc|Any CPU.Deploy.0 = Release|Any CPU
		{5A042FDE-BBDE-4C98-8CDE-154F87F5E2D1}.Ad-Hoc|iPhone.ActiveCfg = Release|Any CPU
		{5A042FDE-BBDE-4C98-8CDE-154F87F5E2D1}.Ad-Hoc|iPhone.Build.0 = Release|Any CPU
		{5A042FDE-BBDE-4C98-8CDE-154F87F5E2D1}.Ad-Hoc|iPhone.Deploy.0 = Release|Any CPU
		{5A042FDE-BBDE-4C98-8CDE-154F87F5E2D1}.Ad-Hoc|iPhoneSimulator.ActiveCfg = Release|Any CPU
		{5A042FDE-BBDE-4C98-8CDE-154F87F5E2D1}.Ad-Hoc|iPhoneSimulator.Build.0 = Release|Any CPU
		{5A042FDE-BBDE-4C98-8CDE-154F87F5E2D1}.Ad-Hoc|iPhoneSimulator.Deploy.0 = Release|Any CPU
		{5A042FDE-BBDE-4C98-8CDE-154F87F5E2D1}.AppStore|Any CPU.ActiveCfg = Release|Any CPU
		{5A042FDE-BBDE-4C98-8CDE-154F87F5E2D1}.AppStore|Any CPU.Build.0 = Release|Any CPU
		{5A042FDE-BBDE-4C98-8CDE-154F87F5E2D1}.AppStore|Any CPU.Deploy.0 = Release|Any CPU
		{5A042FDE-BBDE-4C98-8CDE-154F87F5E2D1}.AppStore|iPhone.ActiveCfg = Release|Any CPU
		{5A042FDE-BBDE-4C98-8CDE-154F87F5E2D1}.AppStore|iPhone.Build.0 = Release|Any CPU
		{5A042FDE-BBDE-4C98-8CDE-154F87F5E2D1}.AppStore|iPhone.Deploy.0 = Release|Any CPU
		{5A042FDE-BBDE-4C98-8CDE-154F87F5E2D1}.AppStore|iPhoneSimulator.ActiveCfg = Release|Any CPU
		{5A042FDE-BBDE-4C98-8CDE-154F87F5E2D1}.AppStore|iPhoneSimulator.Build.0 = Release|Any CPU
		{5A042FDE-BBDE-4C98-8CDE-154F87F5E2D1}.AppStore|iPhoneSimulator.Deploy.0 = Release|Any CPU
		{5A042FDE-BBDE-4C98-8CDE-154F87F5E2D1}.Debug|Any CPU.ActiveCfg = Debug|Any CPU
		{5A042FDE-BBDE-4C98-8CDE-154F87F5E2D1}.Debug|Any CPU.Build.0 = Debug|Any CPU
		{5A042FDE-BBDE-4C98-8CDE-154F87F5E2D1}.Debug|Any CPU.Deploy.0 = Debug|Any CPU
		{5A042FDE-BBDE-4C98-8CDE-154F87F5E2D1}.Debug|iPhone.ActiveCfg = Debug|Any CPU
		{5A042FDE-BBDE-4C98-8CDE-154F87F5E2D1}.Debug|iPhone.Build.0 = Debug|Any CPU
		{5A042FDE-BBDE-4C98-8CDE-154F87F5E2D1}.Debug|iPhone.Deploy.0 = Debug|Any CPU
		{5A042FDE-BBDE-4C98-8CDE-154F87F5E2D1}.Debug|iPhoneSimulator.ActiveCfg = Debug|Any CPU
		{5A042FDE-BBDE-4C98-8CDE-154F87F5E2D1}.Debug|iPhoneSimulator.Build.0 = Debug|Any CPU
		{5A042FDE-BBDE-4C98-8CDE-154F87F5E2D1}.Debug|iPhoneSimulator.Deploy.0 = Debug|Any CPU
		{5A042FDE-BBDE-4C98-8CDE-154F87F5E2D1}.Release|Any CPU.ActiveCfg = Release|Any CPU
		{5A042FDE-BBDE-4C98-8CDE-154F87F5E2D1}.Release|Any CPU.Build.0 = Release|Any CPU
		{5A042FDE-BBDE-4C98-8CDE-154F87F5E2D1}.Release|Any CPU.Deploy.0 = Release|Any CPU
		{5A042FDE-BBDE-4C98-8CDE-154F87F5E2D1}.Release|iPhone.ActiveCfg = Release|Any CPU
		{5A042FDE-BBDE-4C98-8CDE-154F87F5E2D1}.Release|iPhone.Build.0 = Release|Any CPU
		{5A042FDE-BBDE-4C98-8CDE-154F87F5E2D1}.Release|iPhone.Deploy.0 = Release|Any CPU
		{5A042FDE-BBDE-4C98-8CDE-154F87F5E2D1}.Release|iPhoneSimulator.ActiveCfg = Release|Any CPU
		{5A042FDE-BBDE-4C98-8CDE-154F87F5E2D1}.Release|iPhoneSimulator.Build.0 = Release|Any CPU
		{5A042FDE-BBDE-4C98-8CDE-154F87F5E2D1}.Release|iPhoneSimulator.Deploy.0 = Release|Any CPU
		{1DE3A88B-AE6B-4AE0-8F86-39921C8E47F7}.Ad-Hoc|Any CPU.ActiveCfg = Ad-Hoc|iPhone
		{1DE3A88B-AE6B-4AE0-8F86-39921C8E47F7}.Ad-Hoc|Any CPU.Build.0 = Ad-Hoc|iPhone
		{1DE3A88B-AE6B-4AE0-8F86-39921C8E47F7}.Ad-Hoc|Any CPU.Deploy.0 = Ad-Hoc|iPhone
		{1DE3A88B-AE6B-4AE0-8F86-39921C8E47F7}.Ad-Hoc|iPhone.ActiveCfg = Ad-Hoc|iPhone
		{1DE3A88B-AE6B-4AE0-8F86-39921C8E47F7}.Ad-Hoc|iPhone.Build.0 = Ad-Hoc|iPhone
		{1DE3A88B-AE6B-4AE0-8F86-39921C8E47F7}.Ad-Hoc|iPhone.Deploy.0 = Ad-Hoc|iPhone
		{1DE3A88B-AE6B-4AE0-8F86-39921C8E47F7}.Ad-Hoc|iPhoneSimulator.ActiveCfg = Ad-Hoc|iPhoneSimulator
		{1DE3A88B-AE6B-4AE0-8F86-39921C8E47F7}.Ad-Hoc|iPhoneSimulator.Build.0 = Ad-Hoc|iPhoneSimulator
		{1DE3A88B-AE6B-4AE0-8F86-39921C8E47F7}.Ad-Hoc|iPhoneSimulator.Deploy.0 = Ad-Hoc|iPhoneSimulator
		{1DE3A88B-AE6B-4AE0-8F86-39921C8E47F7}.AppStore|Any CPU.ActiveCfg = AppStore|iPhone
		{1DE3A88B-AE6B-4AE0-8F86-39921C8E47F7}.AppStore|Any CPU.Build.0 = AppStore|iPhone
		{1DE3A88B-AE6B-4AE0-8F86-39921C8E47F7}.AppStore|Any CPU.Deploy.0 = AppStore|iPhone
		{1DE3A88B-AE6B-4AE0-8F86-39921C8E47F7}.AppStore|iPhone.ActiveCfg = AppStore|iPhone
		{1DE3A88B-AE6B-4AE0-8F86-39921C8E47F7}.AppStore|iPhone.Build.0 = AppStore|iPhone
		{1DE3A88B-AE6B-4AE0-8F86-39921C8E47F7}.AppStore|iPhone.Deploy.0 = AppStore|iPhone
		{1DE3A88B-AE6B-4AE0-8F86-39921C8E47F7}.AppStore|iPhoneSimulator.ActiveCfg = AppStore|iPhoneSimulator
		{1DE3A88B-AE6B-4AE0-8F86-39921C8E47F7}.AppStore|iPhoneSimulator.Build.0 = AppStore|iPhoneSimulator
		{1DE3A88B-AE6B-4AE0-8F86-39921C8E47F7}.AppStore|iPhoneSimulator.Deploy.0 = AppStore|iPhoneSimulator
		{1DE3A88B-AE6B-4AE0-8F86-39921C8E47F7}.Debug|Any CPU.ActiveCfg = Debug|iPhoneSimulator
		{1DE3A88B-AE6B-4AE0-8F86-39921C8E47F7}.Debug|Any CPU.Build.0 = Debug|iPhoneSimulator
		{1DE3A88B-AE6B-4AE0-8F86-39921C8E47F7}.Debug|Any CPU.Deploy.0 = Debug|iPhoneSimulator
		{1DE3A88B-AE6B-4AE0-8F86-39921C8E47F7}.Debug|iPhone.ActiveCfg = Debug|iPhone
		{1DE3A88B-AE6B-4AE0-8F86-39921C8E47F7}.Debug|iPhone.Build.0 = Debug|iPhone
		{1DE3A88B-AE6B-4AE0-8F86-39921C8E47F7}.Debug|iPhone.Deploy.0 = Debug|iPhone
		{1DE3A88B-AE6B-4AE0-8F86-39921C8E47F7}.Debug|iPhoneSimulator.ActiveCfg = Debug|iPhoneSimulator
		{1DE3A88B-AE6B-4AE0-8F86-39921C8E47F7}.Debug|iPhoneSimulator.Build.0 = Debug|iPhoneSimulator
		{1DE3A88B-AE6B-4AE0-8F86-39921C8E47F7}.Debug|iPhoneSimulator.Deploy.0 = Debug|iPhoneSimulator
		{1DE3A88B-AE6B-4AE0-8F86-39921C8E47F7}.Release|Any CPU.ActiveCfg = Release|iPhone
		{1DE3A88B-AE6B-4AE0-8F86-39921C8E47F7}.Release|Any CPU.Build.0 = Release|iPhone
		{1DE3A88B-AE6B-4AE0-8F86-39921C8E47F7}.Release|Any CPU.Deploy.0 = Release|iPhone
		{1DE3A88B-AE6B-4AE0-8F86-39921C8E47F7}.Release|iPhone.ActiveCfg = Release|iPhone
		{1DE3A88B-AE6B-4AE0-8F86-39921C8E47F7}.Release|iPhone.Build.0 = Release|iPhone
		{1DE3A88B-AE6B-4AE0-8F86-39921C8E47F7}.Release|iPhone.Deploy.0 = Release|iPhone
		{1DE3A88B-AE6B-4AE0-8F86-39921C8E47F7}.Release|iPhoneSimulator.ActiveCfg = Release|iPhoneSimulator
		{1DE3A88B-AE6B-4AE0-8F86-39921C8E47F7}.Release|iPhoneSimulator.Build.0 = Release|iPhoneSimulator
		{1DE3A88B-AE6B-4AE0-8F86-39921C8E47F7}.Release|iPhoneSimulator.Deploy.0 = Release|iPhoneSimulator
		{FE9A44A5-C51B-494B-8FA2-983F9F1360ED}.Ad-Hoc|Any CPU.ActiveCfg = Debug|Any CPU
		{FE9A44A5-C51B-494B-8FA2-983F9F1360ED}.Ad-Hoc|Any CPU.Build.0 = Debug|Any CPU
		{FE9A44A5-C51B-494B-8FA2-983F9F1360ED}.Ad-Hoc|Any CPU.Deploy.0 = Debug|Any CPU
		{FE9A44A5-C51B-494B-8FA2-983F9F1360ED}.Ad-Hoc|iPhone.ActiveCfg = Debug|Any CPU
		{FE9A44A5-C51B-494B-8FA2-983F9F1360ED}.Ad-Hoc|iPhone.Build.0 = Debug|Any CPU
		{FE9A44A5-C51B-494B-8FA2-983F9F1360ED}.Ad-Hoc|iPhone.Deploy.0 = Debug|Any CPU
		{FE9A44A5-C51B-494B-8FA2-983F9F1360ED}.Ad-Hoc|iPhoneSimulator.ActiveCfg = Debug|Any CPU
		{FE9A44A5-C51B-494B-8FA2-983F9F1360ED}.Ad-Hoc|iPhoneSimulator.Build.0 = Debug|Any CPU
		{FE9A44A5-C51B-494B-8FA2-983F9F1360ED}.Ad-Hoc|iPhoneSimulator.Deploy.0 = Debug|Any CPU
		{FE9A44A5-C51B-494B-8FA2-983F9F1360ED}.AppStore|Any CPU.ActiveCfg = Debug|Any CPU
		{FE9A44A5-C51B-494B-8FA2-983F9F1360ED}.AppStore|Any CPU.Build.0 = Debug|Any CPU
		{FE9A44A5-C51B-494B-8FA2-983F9F1360ED}.AppStore|Any CPU.Deploy.0 = Debug|Any CPU
		{FE9A44A5-C51B-494B-8FA2-983F9F1360ED}.AppStore|iPhone.ActiveCfg = Debug|Any CPU
		{FE9A44A5-C51B-494B-8FA2-983F9F1360ED}.AppStore|iPhone.Build.0 = Debug|Any CPU
		{FE9A44A5-C51B-494B-8FA2-983F9F1360ED}.AppStore|iPhone.Deploy.0 = Debug|Any CPU
		{FE9A44A5-C51B-494B-8FA2-983F9F1360ED}.AppStore|iPhoneSimulator.ActiveCfg = Debug|Any CPU
		{FE9A44A5-C51B-494B-8FA2-983F9F1360ED}.AppStore|iPhoneSimulator.Build.0 = Debug|Any CPU
		{FE9A44A5-C51B-494B-8FA2-983F9F1360ED}.AppStore|iPhoneSimulator.Deploy.0 = Debug|Any CPU
		{FE9A44A5-C51B-494B-8FA2-983F9F1360ED}.Debug|Any CPU.ActiveCfg = Debug|Any CPU
		{FE9A44A5-C51B-494B-8FA2-983F9F1360ED}.Debug|Any CPU.Build.0 = Debug|Any CPU
		{FE9A44A5-C51B-494B-8FA2-983F9F1360ED}.Debug|Any CPU.Deploy.0 = Debug|Any CPU
		{FE9A44A5-C51B-494B-8FA2-983F9F1360ED}.Debug|iPhone.ActiveCfg = Debug|Any CPU
		{FE9A44A5-C51B-494B-8FA2-983F9F1360ED}.Debug|iPhone.Build.0 = Debug|Any CPU
		{FE9A44A5-C51B-494B-8FA2-983F9F1360ED}.Debug|iPhone.Deploy.0 = Debug|Any CPU
		{FE9A44A5-C51B-494B-8FA2-983F9F1360ED}.Debug|iPhoneSimulator.ActiveCfg = Debug|Any CPU
		{FE9A44A5-C51B-494B-8FA2-983F9F1360ED}.Debug|iPhoneSimulator.Build.0 = Debug|Any CPU
		{FE9A44A5-C51B-494B-8FA2-983F9F1360ED}.Debug|iPhoneSimulator.Deploy.0 = Debug|Any CPU
		{FE9A44A5-C51B-494B-8FA2-983F9F1360ED}.Release|Any CPU.ActiveCfg = Release|Any CPU
		{FE9A44A5-C51B-494B-8FA2-983F9F1360ED}.Release|Any CPU.Build.0 = Release|Any CPU
		{FE9A44A5-C51B-494B-8FA2-983F9F1360ED}.Release|Any CPU.Deploy.0 = Release|Any CPU
		{FE9A44A5-C51B-494B-8FA2-983F9F1360ED}.Release|iPhone.ActiveCfg = Release|Any CPU
		{FE9A44A5-C51B-494B-8FA2-983F9F1360ED}.Release|iPhone.Build.0 = Release|Any CPU
		{FE9A44A5-C51B-494B-8FA2-983F9F1360ED}.Release|iPhone.Deploy.0 = Release|Any CPU
		{FE9A44A5-C51B-494B-8FA2-983F9F1360ED}.Release|iPhoneSimulator.ActiveCfg = Release|Any CPU
		{FE9A44A5-C51B-494B-8FA2-983F9F1360ED}.Release|iPhoneSimulator.Build.0 = Release|Any CPU
		{FE9A44A5-C51B-494B-8FA2-983F9F1360ED}.Release|iPhoneSimulator.Deploy.0 = Release|Any CPU
	EndGlobalSection
	GlobalSection(SolutionProperties) = preSolution
		HideSolutionNode = FALSE
	EndGlobalSection
	GlobalSection(ExtensibilityGlobals) = postSolution
		SolutionGuid = {54B6EE23-AF53-4BD4-AE39-1A7CB4569515}
	EndGlobalSection
EndGlobal
